
Microsoft Visual Studio Solution File, Format Version 12.00
# Visual Studio 2013
VisualStudioVersion = 12.0.30501.0
MinimumVisualStudioVersion = 10.0.40219.1
Project("{FAE04EC0-301F-11D3-BF4B-00C04F79EFBC}") = "Playground.iOS", "Playground.iOS\Playground.iOS.csproj", "{5E9F1B73-3F4E-4DD7-94DE-EFE99398037E}"
EndProject
Global
	GlobalSection(SolutionConfigurationPlatforms) = preSolution
		Ad-Hoc|iPhone = Ad-Hoc|iPhone
		Ad-Hoc|iPhoneSimulator = Ad-Hoc|iPhoneSimulator
		AppStore|iPhone = AppStore|iPhone
		AppStore|iPhoneSimulator = AppStore|iPhoneSimulator
		Debug|iPhone = Debug|iPhone
		Debug|iPhoneSimulator = Debug|iPhoneSimulator
		Release|iPhone = Release|iPhone
		Release|iPhoneSimulator = Release|iPhoneSimulator
	EndGlobalSection
	GlobalSection(ProjectConfigurationPlatforms) = postSolution
		{5E9F1B73-3F4E-4DD7-94DE-EFE99398037E}.Ad-Hoc|iPhone.ActiveCfg = Ad-Hoc|iPhone
		{5E9F1B73-3F4E-4DD7-94DE-EFE99398037E}.Ad-Hoc|iPhone.Build.0 = Ad-Hoc|iPhone
		{5E9F1B73-3F4E-4DD7-94DE-EFE99398037E}.Ad-Hoc|iPhoneSimulator.ActiveCfg = Ad-Hoc|iPhoneSimulator
		{5E9F1B73-3F4E-4DD7-94DE-EFE99398037E}.Ad-Hoc|iPhoneSimulator.Build.0 = Ad-Hoc|iPhoneSimulator
		{5E9F1B73-3F4E-4DD7-94DE-EFE99398037E}.AppStore|iPhone.ActiveCfg = AppStore|iPhone
		{5E9F1B73-3F4E-4DD7-94DE-EFE99398037E}.AppStore|iPhone.Build.0 = AppStore|iPhone
		{5E9F1B73-3F4E-4DD7-94DE-EFE99398037E}.AppStore|iPhoneSimulator.ActiveCfg = AppStore|iPhoneSimulator
		{5E9F1B73-3F4E-4DD7-94DE-EFE99398037E}.AppStore|iPhoneSimulator.Build.0 = AppStore|iPhoneSimulator
		{5E9F1B73-3F4E-4DD7-94DE-EFE99398037E}.Debug|iPhone.ActiveCfg = Debug|iPhone
		{5E9F1B73-3F4E-4DD7-94DE-EFE99398037E}.Debug|iPhone.Build.0 = Debug|iPhone
		{5E9F1B73-3F4E-4DD7-94DE-EFE99398037E}.Debug|iPhoneSimulator.ActiveCfg = Debug|iPhoneSimulator
		{5E9F1B73-3F4E-4DD7-94DE-EFE99398037E}.Debug|iPhoneSimulator.Build.0 = Debug|iPhoneSimulator
		{5E9F1B73-3F4E-4DD7-94DE-EFE99398037E}.Release|iPhone.ActiveCfg = Release|iPhone
		{5E9F1B73-3F4E-4DD7-94DE-EFE99398037E}.Release|iPhone.Build.0 = Release|iPhone
		{5E9F1B73-3F4E-4DD7-94DE-EFE99398037E}.Release|iPhoneSimulator.ActiveCfg = Release|iPhoneSimulator
		{5E9F1B73-3F4E-4DD7-94DE-EFE99398037E}.Release|iPhoneSimulator.Build.0 = Release|iPhoneSimulator
	EndGlobalSection
	GlobalSection(SolutionProperties) = preSolution
		HideSolutionNode = FALSE
	EndGlobalSection
EndGlobal
