
Microsoft Visual Studio Solution File, Format Version 12.00
# Visual Studio 2013
VisualStudioVersion = 12.0.31101.0
MinimumVisualStudioVersion = 10.0.40219.1
Project("{FAE04EC0-301F-11D3-BF4B-00C04F79EFBC}") = "CupcakePCL", "CupcakePCL\CupcakePCL.csproj", "{8D51D66E-06DF-463C-93C3-B60634BBE920}"
EndProject
Project("{FAE04EC0-301F-11D3-BF4B-00C04F79EFBC}") = "Cupcake.iOS", "Cupcake.iOS\Cupcake.iOS.csproj", "{29A821F2-8ED8-43EF-AA03-00D02CDFAAFD}"
EndProject
Project("{FAE04EC0-301F-11D3-BF4B-00C04F79EFBC}") = "Test.iOS", "Test.iOS\Test.iOS.csproj", "{6EA72472-7CB8-489A-8F73-758AB88B3239}"
EndProject
Global
	GlobalSection(SolutionConfigurationPlatforms) = preSolution
		Ad-Hoc|Any CPU = Ad-Hoc|Any CPU
		Ad-Hoc|iPhone = Ad-Hoc|iPhone
		Ad-Hoc|iPhoneSimulator = Ad-Hoc|iPhoneSimulator
		Ad-Hoc|Mixed Platforms = Ad-Hoc|Mixed Platforms
		AppStore|Any CPU = AppStore|Any CPU
		AppStore|iPhone = AppStore|iPhone
		AppStore|iPhoneSimulator = AppStore|iPhoneSimulator
		AppStore|Mixed Platforms = AppStore|Mixed Platforms
		Debug|Any CPU = Debug|Any CPU
		Debug|iPhone = Debug|iPhone
		Debug|iPhoneSimulator = Debug|iPhoneSimulator
		Debug|Mixed Platforms = Debug|Mixed Platforms
		Release|Any CPU = Release|Any CPU
		Release|iPhone = Release|iPhone
		Release|iPhoneSimulator = Release|iPhoneSimulator
		Release|Mixed Platforms = Release|Mixed Platforms
	EndGlobalSection
	GlobalSection(ProjectConfigurationPlatforms) = postSolution
		{8D51D66E-06DF-463C-93C3-B60634BBE920}.Ad-Hoc|Any CPU.ActiveCfg = Release|Any CPU
		{8D51D66E-06DF-463C-93C3-B60634BBE920}.Ad-Hoc|Any CPU.Build.0 = Release|Any CPU
		{8D51D66E-06DF-463C-93C3-B60634BBE920}.Ad-Hoc|iPhone.ActiveCfg = Release|Any CPU
		{8D51D66E-06DF-463C-93C3-B60634BBE920}.Ad-Hoc|iPhoneSimulator.ActiveCfg = Release|Any CPU
		{8D51D66E-06DF-463C-93C3-B60634BBE920}.Ad-Hoc|Mixed Platforms.ActiveCfg = Release|Any CPU
		{8D51D66E-06DF-463C-93C3-B60634BBE920}.Ad-Hoc|Mixed Platforms.Build.0 = Release|Any CPU
		{8D51D66E-06DF-463C-93C3-B60634BBE920}.AppStore|Any CPU.ActiveCfg = Release|Any CPU
		{8D51D66E-06DF-463C-93C3-B60634BBE920}.AppStore|Any CPU.Build.0 = Release|Any CPU
		{8D51D66E-06DF-463C-93C3-B60634BBE920}.AppStore|iPhone.ActiveCfg = Release|Any CPU
		{8D51D66E-06DF-463C-93C3-B60634BBE920}.AppStore|iPhoneSimulator.ActiveCfg = Release|Any CPU
		{8D51D66E-06DF-463C-93C3-B60634BBE920}.AppStore|Mixed Platforms.ActiveCfg = Release|Any CPU
		{8D51D66E-06DF-463C-93C3-B60634BBE920}.AppStore|Mixed Platforms.Build.0 = Release|Any CPU
		{8D51D66E-06DF-463C-93C3-B60634BBE920}.Debug|Any CPU.ActiveCfg = Debug|Any CPU
		{8D51D66E-06DF-463C-93C3-B60634BBE920}.Debug|Any CPU.Build.0 = Debug|Any CPU
		{8D51D66E-06DF-463C-93C3-B60634BBE920}.Debug|iPhone.ActiveCfg = Debug|Any CPU
		{8D51D66E-06DF-463C-93C3-B60634BBE920}.Debug|iPhoneSimulator.ActiveCfg = Debug|Any CPU
		{8D51D66E-06DF-463C-93C3-B60634BBE920}.Debug|iPhoneSimulator.Build.0 = Debug|Any CPU
		{8D51D66E-06DF-463C-93C3-B60634BBE920}.Debug|Mixed Platforms.ActiveCfg = Debug|Any CPU
		{8D51D66E-06DF-463C-93C3-B60634BBE920}.Debug|Mixed Platforms.Build.0 = Debug|Any CPU
		{8D51D66E-06DF-463C-93C3-B60634BBE920}.Release|Any CPU.ActiveCfg = Release|Any CPU
		{8D51D66E-06DF-463C-93C3-B60634BBE920}.Release|Any CPU.Build.0 = Release|Any CPU
		{8D51D66E-06DF-463C-93C3-B60634BBE920}.Release|iPhone.ActiveCfg = Release|Any CPU
		{8D51D66E-06DF-463C-93C3-B60634BBE920}.Release|iPhoneSimulator.ActiveCfg = Release|Any CPU
		{8D51D66E-06DF-463C-93C3-B60634BBE920}.Release|Mixed Platforms.ActiveCfg = Release|Any CPU
		{8D51D66E-06DF-463C-93C3-B60634BBE920}.Release|Mixed Platforms.Build.0 = Release|Any CPU
		{29A821F2-8ED8-43EF-AA03-00D02CDFAAFD}.Ad-Hoc|Any CPU.ActiveCfg = Ad-Hoc|iPhone
		{29A821F2-8ED8-43EF-AA03-00D02CDFAAFD}.Ad-Hoc|iPhone.ActiveCfg = Ad-Hoc|iPhone
		{29A821F2-8ED8-43EF-AA03-00D02CDFAAFD}.Ad-Hoc|iPhone.Build.0 = Ad-Hoc|iPhone
		{29A821F2-8ED8-43EF-AA03-00D02CDFAAFD}.Ad-Hoc|iPhoneSimulator.ActiveCfg = Ad-Hoc|iPhoneSimulator
		{29A821F2-8ED8-43EF-AA03-00D02CDFAAFD}.Ad-Hoc|iPhoneSimulator.Build.0 = Ad-Hoc|iPhoneSimulator
		{29A821F2-8ED8-43EF-AA03-00D02CDFAAFD}.Ad-Hoc|Mixed Platforms.ActiveCfg = Ad-Hoc|iPhone
		{29A821F2-8ED8-43EF-AA03-00D02CDFAAFD}.Ad-Hoc|Mixed Platforms.Build.0 = Ad-Hoc|iPhone
		{29A821F2-8ED8-43EF-AA03-00D02CDFAAFD}.AppStore|Any CPU.ActiveCfg = AppStore|iPhone
		{29A821F2-8ED8-43EF-AA03-00D02CDFAAFD}.AppStore|iPhone.ActiveCfg = AppStore|iPhone
		{29A821F2-8ED8-43EF-AA03-00D02CDFAAFD}.AppStore|iPhone.Build.0 = AppStore|iPhone
		{29A821F2-8ED8-43EF-AA03-00D02CDFAAFD}.AppStore|iPhoneSimulator.ActiveCfg = AppStore|iPhoneSimulator
		{29A821F2-8ED8-43EF-AA03-00D02CDFAAFD}.AppStore|iPhoneSimulator.Build.0 = AppStore|iPhoneSimulator
		{29A821F2-8ED8-43EF-AA03-00D02CDFAAFD}.AppStore|Mixed Platforms.ActiveCfg = AppStore|iPhone
		{29A821F2-8ED8-43EF-AA03-00D02CDFAAFD}.AppStore|Mixed Platforms.Build.0 = AppStore|iPhone
		{29A821F2-8ED8-43EF-AA03-00D02CDFAAFD}.Debug|Any CPU.ActiveCfg = Debug|iPhone
		{29A821F2-8ED8-43EF-AA03-00D02CDFAAFD}.Debug|iPhone.ActiveCfg = Debug|iPhone
		{29A821F2-8ED8-43EF-AA03-00D02CDFAAFD}.Debug|iPhone.Build.0 = Debug|iPhone
		{29A821F2-8ED8-43EF-AA03-00D02CDFAAFD}.Debug|iPhoneSimulator.ActiveCfg = Debug|iPhoneSimulator
		{29A821F2-8ED8-43EF-AA03-00D02CDFAAFD}.Debug|iPhoneSimulator.Build.0 = Debug|iPhoneSimulator
		{29A821F2-8ED8-43EF-AA03-00D02CDFAAFD}.Debug|Mixed Platforms.ActiveCfg = Debug|iPhone
		{29A821F2-8ED8-43EF-AA03-00D02CDFAAFD}.Debug|Mixed Platforms.Build.0 = Debug|iPhone
		{29A821F2-8ED8-43EF-AA03-00D02CDFAAFD}.Release|Any CPU.ActiveCfg = Release|iPhone
		{29A821F2-8ED8-43EF-AA03-00D02CDFAAFD}.Release|iPhone.ActiveCfg = Release|iPhone
		{29A821F2-8ED8-43EF-AA03-00D02CDFAAFD}.Release|iPhone.Build.0 = Release|iPhone
		{29A821F2-8ED8-43EF-AA03-00D02CDFAAFD}.Release|iPhoneSimulator.ActiveCfg = Release|iPhoneSimulator
		{29A821F2-8ED8-43EF-AA03-00D02CDFAAFD}.Release|iPhoneSimulator.Build.0 = Release|iPhoneSimulator
		{29A821F2-8ED8-43EF-AA03-00D02CDFAAFD}.Release|Mixed Platforms.ActiveCfg = Release|iPhone
		{29A821F2-8ED8-43EF-AA03-00D02CDFAAFD}.Release|Mixed Platforms.Build.0 = Release|iPhone
		{6EA72472-7CB8-489A-8F73-758AB88B3239}.Ad-Hoc|Any CPU.ActiveCfg = Ad-Hoc|iPhone
		{6EA72472-7CB8-489A-8F73-758AB88B3239}.Ad-Hoc|iPhone.ActiveCfg = Ad-Hoc|iPhone
		{6EA72472-7CB8-489A-8F73-758AB88B3239}.Ad-Hoc|iPhone.Build.0 = Ad-Hoc|iPhone
		{6EA72472-7CB8-489A-8F73-758AB88B3239}.Ad-Hoc|iPhoneSimulator.ActiveCfg = Ad-Hoc|iPhoneSimulator
		{6EA72472-7CB8-489A-8F73-758AB88B3239}.Ad-Hoc|iPhoneSimulator.Build.0 = Ad-Hoc|iPhoneSimulator
		{6EA72472-7CB8-489A-8F73-758AB88B3239}.Ad-Hoc|Mixed Platforms.ActiveCfg = Ad-Hoc|iPhone
		{6EA72472-7CB8-489A-8F73-758AB88B3239}.Ad-Hoc|Mixed Platforms.Build.0 = Ad-Hoc|iPhone
		{6EA72472-7CB8-489A-8F73-758AB88B3239}.AppStore|Any CPU.ActiveCfg = AppStore|iPhone
		{6EA72472-7CB8-489A-8F73-758AB88B3239}.AppStore|iPhone.ActiveCfg = AppStore|iPhone
		{6EA72472-7CB8-489A-8F73-758AB88B3239}.AppStore|iPhone.Build.0 = AppStore|iPhone
		{6EA72472-7CB8-489A-8F73-758AB88B3239}.AppStore|iPhoneSimulator.ActiveCfg = AppStore|iPhoneSimulator
		{6EA72472-7CB8-489A-8F73-758AB88B3239}.AppStore|iPhoneSimulator.Build.0 = AppStore|iPhoneSimulator
		{6EA72472-7CB8-489A-8F73-758AB88B3239}.AppStore|Mixed Platforms.ActiveCfg = AppStore|iPhone
		{6EA72472-7CB8-489A-8F73-758AB88B3239}.AppStore|Mixed Platforms.Build.0 = AppStore|iPhone
		{6EA72472-7CB8-489A-8F73-758AB88B3239}.Debug|Any CPU.ActiveCfg = Debug|iPhone
		{6EA72472-7CB8-489A-8F73-758AB88B3239}.Debug|iPhone.ActiveCfg = Debug|iPhone
		{6EA72472-7CB8-489A-8F73-758AB88B3239}.Debug|iPhone.Build.0 = Debug|iPhone
		{6EA72472-7CB8-489A-8F73-758AB88B3239}.Debug|iPhoneSimulator.ActiveCfg = Debug|iPhoneSimulator
		{6EA72472-7CB8-489A-8F73-758AB88B3239}.Debug|iPhoneSimulator.Build.0 = Debug|iPhoneSimulator
		{6EA72472-7CB8-489A-8F73-758AB88B3239}.Debug|Mixed Platforms.ActiveCfg = Debug|iPhone
		{6EA72472-7CB8-489A-8F73-758AB88B3239}.Debug|Mixed Platforms.Build.0 = Debug|iPhone
		{6EA72472-7CB8-489A-8F73-758AB88B3239}.Release|Any CPU.ActiveCfg = Release|iPhone
		{6EA72472-7CB8-489A-8F73-758AB88B3239}.Release|iPhone.ActiveCfg = Release|iPhone
		{6EA72472-7CB8-489A-8F73-758AB88B3239}.Release|iPhone.Build.0 = Release|iPhone
		{6EA72472-7CB8-489A-8F73-758AB88B3239}.Release|iPhoneSimulator.ActiveCfg = Release|iPhoneSimulator
		{6EA72472-7CB8-489A-8F73-758AB88B3239}.Release|iPhoneSimulator.Build.0 = Release|iPhoneSimulator
		{6EA72472-7CB8-489A-8F73-758AB88B3239}.Release|Mixed Platforms.ActiveCfg = Release|iPhone
		{6EA72472-7CB8-489A-8F73-758AB88B3239}.Release|Mixed Platforms.Build.0 = Release|iPhone
	EndGlobalSection
	GlobalSection(SolutionProperties) = preSolution
		HideSolutionNode = FALSE
	EndGlobalSection
EndGlobal
